
Microsoft Visual Studio Solution File, Format Version 12.00
# Visual Studio 14
VisualStudioVersion = 14.0.25123.0
MinimumVisualStudioVersion = 10.0.40219.1
Project("{FAE04EC0-301F-11D3-BF4B-00C04F79EFBC}") = "Cursive Scripting Introduction", "Cursive Scripting Introduction\Cursive Scripting Introduction.csproj", "{A82EC094-9867-4EEF-96C0-27F3C46577D2}"
EndProject
Project("{FAE04EC0-301F-11D3-BF4B-00C04F79EFBC}") = "CursiveCSharpRuntime", "Runtime\CursiveCSharpRuntime\CursiveCSharpRuntime.csproj", "{2B53E9FB-3BF3-414F-8650-5671F6A9992A}"
EndProject
Global
	GlobalSection(SolutionConfigurationPlatforms) = preSolution
		Debug|Any CPU = Debug|Any CPU
		Release|Any CPU = Release|Any CPU
	EndGlobalSection
	GlobalSection(ProjectConfigurationPlatforms) = postSolution
		{A82EC094-9867-4EEF-96C0-27F3C46577D2}.Debug|Any CPU.ActiveCfg = Debug|Any CPU
		{A82EC094-9867-4EEF-96C0-27F3C46577D2}.Debug|Any CPU.Build.0 = Debug|Any CPU
		{A82EC094-9867-4EEF-96C0-27F3C46577D2}.Release|Any CPU.ActiveCfg = Release|Any CPU
		{A82EC094-9867-4EEF-96C0-27F3C46577D2}.Release|Any CPU.Build.0 = Release|Any CPU
		{2B53E9FB-3BF3-414F-8650-5671F6A9992A}.Debug|Any CPU.ActiveCfg = Debug|Any CPU
		{2B53E9FB-3BF3-414F-8650-5671F6A9992A}.Debug|Any CPU.Build.0 = Debug|Any CPU
		{2B53E9FB-3BF3-414F-8650-5671F6A9992A}.Release|Any CPU.ActiveCfg = Release|Any CPU
		{2B53E9FB-3BF3-414F-8650-5671F6A9992A}.Release|Any CPU.Build.0 = Release|Any CPU
	EndGlobalSection
	GlobalSection(SolutionProperties) = preSolution
		HideSolutionNode = FALSE
	EndGlobalSection
EndGlobal
